
Microsoft Visual Studio Solution File, Format Version 12.00
# Visual Studio Version 17
VisualStudioVersion = 17.10.34928.147
MinimumVisualStudioVersion = 10.0.40219.1
Project("{FAE04EC0-301F-11D3-BF4B-00C04F79EFBC}") = "DI.Basic", "DI.Basic\DI.Basic.csproj", "{F6730142-B27B-465A-B371-091082EF661B}"
EndProject
Project("{2150E333-8FDC-42A3-9474-1A3956D46DE8}") = "Solution Items", "Solution Items", "{EF6D9047-2DD4-4CF7-BD42-3DF3352B8847}"
EndProject
Global
	GlobalSection(SolutionConfigurationPlatforms) = preSolution
		Debug|Any CPU = Debug|Any CPU
		Release|Any CPU = Release|Any CPU
	EndGlobalSection
	GlobalSection(ProjectConfigurationPlatforms) = postSolution
		{F6730142-B27B-465A-B371-091082EF661B}.Debug|Any CPU.ActiveCfg = Debug|Any CPU
		{F6730142-B27B-465A-B371-091082EF661B}.Debug|Any CPU.Build.0 = Debug|Any CPU
		{F6730142-B27B-465A-B371-091082EF661B}.Release|Any CPU.ActiveCfg = Release|Any CPU
		{F6730142-B27B-465A-B371-091082EF661B}.Release|Any CPU.Build.0 = Release|Any CPU
	EndGlobalSection
	GlobalSection(SolutionProperties) = preSolution
		HideSolutionNode = FALSE
	EndGlobalSection
	GlobalSection(ExtensibilityGlobals) = postSolution
		SolutionGuid = {5B327309-7618-4C3C-8304-CB16A53C9986}
	EndGlobalSection
EndGlobal
